
Microsoft Visual Studio Solution File, Format Version 12.00
# Visual Studio 2013
VisualStudioVersion = 12.0.31101.0
MinimumVisualStudioVersion = 10.0.40219.1
Project("{FAE04EC0-301F-11D3-BF4B-00C04F79EFBC}") = "Pingpp.Lib", "Pingpp.Lib\Pingpp.Lib.csproj", "{B8359D4C-A3DF-459F-A735-B5B9C0D556DD}"
EndProject
Project("{FAE04EC0-301F-11D3-BF4B-00C04F79EFBC}") = "Pingpp.Lib.Test", "Pingpp.Lib.Test\Pingpp.Lib.Test.csproj", "{355DE4CD-1FFD-44B9-98EB-AE53467EB019}"
EndProject
Global
	GlobalSection(SolutionConfigurationPlatforms) = preSolution
		Debug|Any CPU = Debug|Any CPU
		Release|Any CPU = Release|Any CPU
	EndGlobalSection
	GlobalSection(ProjectConfigurationPlatforms) = postSolution
		{B8359D4C-A3DF-459F-A735-B5B9C0D556DD}.Debug|Any CPU.ActiveCfg = Debug|Any CPU
		{B8359D4C-A3DF-459F-A735-B5B9C0D556DD}.Debug|Any CPU.Build.0 = Debug|Any CPU
		{B8359D4C-A3DF-459F-A735-B5B9C0D556DD}.Release|Any CPU.ActiveCfg = Release|Any CPU
		{B8359D4C-A3DF-459F-A735-B5B9C0D556DD}.Release|Any CPU.Build.0 = Release|Any CPU
		{355DE4CD-1FFD-44B9-98EB-AE53467EB019}.Debug|Any CPU.ActiveCfg = Debug|Any CPU
		{355DE4CD-1FFD-44B9-98EB-AE53467EB019}.Debug|Any CPU.Build.0 = Debug|Any CPU
		{355DE4CD-1FFD-44B9-98EB-AE53467EB019}.Release|Any CPU.ActiveCfg = Release|Any CPU
		{355DE4CD-1FFD-44B9-98EB-AE53467EB019}.Release|Any CPU.Build.0 = Release|Any CPU
	EndGlobalSection
	GlobalSection(SolutionProperties) = preSolution
		HideSolutionNode = FALSE
	EndGlobalSection
EndGlobal
